
Microsoft Visual Studio Solution File, Format Version 12.00
# Visual Studio Version 17
VisualStudioVersion = 17.14.36930.0 d17.14
MinimumVisualStudioVersion = 10.0.40219.1
Project("{FAE04EC0-301F-11D3-BF4B-00C04F79EFBC}") = "OpCentrix-v2", "OpCentrix-v2.csproj", "{FC5BA2ED-BE3C-2BFE-93CF-F90CDC15043A}"
EndProject
Global
	GlobalSection(SolutionConfigurationPlatforms) = preSolution
		Debug|Any CPU = Debug|Any CPU
		Release|Any CPU = Release|Any CPU
	EndGlobalSection
	GlobalSection(ProjectConfigurationPlatforms) = postSolution
		{FC5BA2ED-BE3C-2BFE-93CF-F90CDC15043A}.Debug|Any CPU.ActiveCfg = Debug|Any CPU
		{FC5BA2ED-BE3C-2BFE-93CF-F90CDC15043A}.Debug|Any CPU.Build.0 = Debug|Any CPU
		{FC5BA2ED-BE3C-2BFE-93CF-F90CDC15043A}.Release|Any CPU.ActiveCfg = Release|Any CPU
		{FC5BA2ED-BE3C-2BFE-93CF-F90CDC15043A}.Release|Any CPU.Build.0 = Release|Any CPU
	EndGlobalSection
	GlobalSection(SolutionProperties) = preSolution
		HideSolutionNode = FALSE
	EndGlobalSection
	GlobalSection(ExtensibilityGlobals) = postSolution
		SolutionGuid = {F3F38543-5D47-40A9-817F-2F14CD0EC76F}
	EndGlobalSection
EndGlobal
